
Microsoft Visual Studio Solution File, Format Version 12.00
Project("{FAE04EC0-301F-11D3-BF4B-00C04F79EFBC}") = "Hazelnut.Hobak", "Hazelnut.Hobak\Hazelnut.Hobak.csproj", "{49FEF5A0-8E28-4F1B-AF9D-02967B4BAB94}"
EndProject
Project("{FAE04EC0-301F-11D3-BF4B-00C04F79EFBC}") = "Hazelnut.Hobak.Test", "Hazelnut.Hobak.Test\Hazelnut.Hobak.Test.csproj", "{D6D81617-66CC-4567-BB7B-5D7D9DF6DC1F}"
EndProject
Global
	GlobalSection(SolutionConfigurationPlatforms) = preSolution
		Debug|Any CPU = Debug|Any CPU
		Release|Any CPU = Release|Any CPU
	EndGlobalSection
	GlobalSection(ProjectConfigurationPlatforms) = postSolution
		{49FEF5A0-8E28-4F1B-AF9D-02967B4BAB94}.Debug|Any CPU.ActiveCfg = Debug|Any CPU
		{49FEF5A0-8E28-4F1B-AF9D-02967B4BAB94}.Debug|Any CPU.Build.0 = Debug|Any CPU
		{49FEF5A0-8E28-4F1B-AF9D-02967B4BAB94}.Release|Any CPU.ActiveCfg = Release|Any CPU
		{49FEF5A0-8E28-4F1B-AF9D-02967B4BAB94}.Release|Any CPU.Build.0 = Release|Any CPU
		{D6D81617-66CC-4567-BB7B-5D7D9DF6DC1F}.Debug|Any CPU.ActiveCfg = Debug|Any CPU
		{D6D81617-66CC-4567-BB7B-5D7D9DF6DC1F}.Debug|Any CPU.Build.0 = Debug|Any CPU
		{D6D81617-66CC-4567-BB7B-5D7D9DF6DC1F}.Release|Any CPU.ActiveCfg = Release|Any CPU
		{D6D81617-66CC-4567-BB7B-5D7D9DF6DC1F}.Release|Any CPU.Build.0 = Release|Any CPU
	EndGlobalSection
EndGlobal
